parameters:
    php_orchestra_media.display.media_list_by_keyword.class: PHPOrchestra\MediaBundle\DisplayBlock\Strategies\MediaListByKeywordStrategy

services:
    php_orchestra_media.display.media_list_by_keyword:
        class: %php_orchestra_media.display.media_list_by_keyword.class%
        arguments:
            - @php_orchestra_media.repository.media
        tags:
            - { name: php_orchestra_display.display_block.strategy }