parameters:
    open_orchestra_media.display.slideshow.class: OpenOrchestra\Media\DisplayBlock\Strategies\SlideshowStrategy
    open_orchestra_media.display.media_list_by_keyword.class: OpenOrchestra\Media\DisplayBlock\Strategies\MediaListByKeywordStrategy
    open_orchestra_media.display.media_list_by_keyword.template: 'OpenOrchestraMediaBundle:Block/MediaList:show.html.twig'
    open_orchestra_media.display.gallery.class: OpenOrchestra\Media\DisplayBlock\Strategies\GalleryStrategy
    open_orchestra_media.display.gallery.template: 'OpenOrchestraMediaBundle:Block/Gallery:show.html.twig'
    open_orchestra_media.display.display_media.class: OpenOrchestra\Media\DisplayBlock\Strategies\DisplayMediaStrategy
    open_orchestra_media.display.display_media.template: 'OpenOrchestraMediaBundle:Block/DisplayMedia:show.html.twig'

services:
    open_orchestra_media.display.media_list_by_keyword:
        class: %open_orchestra_media.display.media_list_by_keyword.class%
        arguments:
            - @open_orchestra_media.repository.media
            - @open_orchestra_base.manager.tag
            - %open_orchestra_media.display.media_list_by_keyword.template%
        tags:
            - { name: open_orchestra_display.display_block.strategy }
    open_orchestra_media.display.gallery:
        class: %open_orchestra_media.display.gallery.class%
        arguments:
            - @request_stack
            - @open_orchestra_base.manager.tag
            - %open_orchestra_media.display.gallery.template%
        tags:
            - { name: open_orchestra_display.display_block.strategy }
    open_orchestra_media.display.display_media:
        class: %open_orchestra_media.display.display_media.class%
        arguments:
            - @open_orchestra_model.repository.node
            - %open_orchestra_media.display.display_media.template%
        tags:
            - { name: open_orchestra_display.display_block.strategy }
    open_orchestra_media.display.slideshow:
        class: %open_orchestra_media.display.slideshow.class%
        tags:
            - { name: open_orchestra_display.display_block.strategy }
